// !$*UTF8*$!
{
	archiveVersion = 1;
	classes = {
	};
	objectVersion = 48;
	objects = {

/* Begin PBXBuildFile section */
		4C36A1F51FC2D2EE0071B7C9 /* AppDelegate.swift in Sources */ = {isa = PBXBuildFile; fileRef = 4C36A1F41FC2D2EE0071B7C9 /* AppDelegate.swift */; };
		4C36A1FC1FC2D2EE0071B7C9 /* Assets.xcassets in Resources */ = {isa = PBXBuildFile; fileRef = 4C36A1FB1FC2D2EE0071B7C9 /* Assets.xcassets */; };
		4C36A1FF1FC2D2EE0071B7C9 /* LaunchScreen.storyboard in Resources */ = {isa = PBXBuildFile; fileRef = 4C36A1FD1FC2D2EE0071B7C9 /* LaunchScreen.storyboard */; };
		4C6316B81FC2D51A00C418F9 /* LightsViewController.swift in Sources */ = {isa = PBXBuildFile; fileRef = 4C6316B61FC2D51A00C418F9 /* LightsViewController.swift */; };
		4C6316B91FC2D51A00C418F9 /* LightsViewController.xib in Resources */ = {isa = PBXBuildFile; fileRef = 4C6316B71FC2D51A00C418F9 /* LightsViewController.xib */; };
		4CA1D9931FC30AFC0079B677 /* Light.swift in Sources */ = {isa = PBXBuildFile; fileRef = 4CA1D9921FC30AFC0079B677 /* Light.swift */; };
		4CA1D9A41FC345780079B677 /* LightsTableViewCell.swift in Sources */ = {isa = PBXBuildFile; fileRef = 4CA1D9A21FC345780079B677 /* LightsTableViewCell.swift */; };
		4CA1D9A51FC345780079B677 /* LightsTableViewCell.xib in Resources */ = {isa = PBXBuildFile; fileRef = 4CA1D9A31FC345780079B677 /* LightsTableViewCell.xib */; };
		BFCE653A1FD89C8C00F0EF5A /* light_off.png in Resources */ = {isa = PBXBuildFile; fileRef = BFCE65391FD89C8B00F0EF5A /* light_off.png */; };
		BFCE653C1FD89C9900F0EF5A /* light_on.png in Resources */ = {isa = PBXBuildFile; fileRef = BFCE653B1FD89C9900F0EF5A /* light_on.png */; };
		BFCE653E1FD89F7600F0EF5A /* GoogleService-Info.plist in Resources */ = {isa = PBXBuildFile; fileRef = BFCE653D1FD89F7500F0EF5A /* GoogleService-Info.plist */; };
		F78988139028F9B9015851EE /* Pods_LightControl.framework in Frameworks */ = {isa = PBXBuildFile; fileRef = 7FAD0177A4467825E574D775 /* Pods_LightControl.framework */; };
/* End PBXBuildFile section */

/* Begin PBXFileReference section */
		17134B6F1CBF5587AD74B789 /* Pods-LightControl.debug.xcconfig */ = {isa = PBXFileReference; includeInIndex = 1; lastKnownFileType = text.xcconfig; name = "Pods-LightControl.debug.xcconfig"; path = "Pods/Target Support Files/Pods-LightControl/Pods-LightControl.debug.xcconfig"; sourceTree = "<group>"; };
		4C36A1F11FC2D2EE0071B7C9 /* LightControl.app */ = {isa = PBXFileReference; explicitFileType = wrapper.application; includeInIndex = 0; path = LightControl.app; sourceTree = BUILT_PRODUCTS_DIR; };
		4C36A1F41FC2D2EE0071B7C9 /* AppDelegate.swift */ = {isa = PBXFileReference; lastKnownFileType = sourcecode.swift; path = AppDelegate.swift; sourceTree = "<group>"; };
		4C36A1FB1FC2D2EE0071B7C9 /* Assets.xcassets */ = {isa = PBXFileReference; lastKnownFileType = folder.assetcatalog; path = Assets.xcassets; sourceTree = "<group>"; };
		4C36A1FE1FC2D2EE0071B7C9 /* Base */ = {isa = PBXFileReference; lastKnownFileType = file.storyboard; name = Base; path = Base.lproj/LaunchScreen.storyboard; sourceTree = "<group>"; };
		4C36A2001FC2D2EE0071B7C9 /* Info.plist */ = {isa = PBXFileReference; lastKnownFileType = text.plist.xml; path = Info.plist; sourceTree = "<group>"; };
		4C6316B61FC2D51A00C418F9 /* LightsViewController.swift */ = {isa = PBXFileReference; lastKnownFileType = sourcecode.swift; path = LightsViewController.swift; sourceTree = "<group>"; };
		4C6316B71FC2D51A00C418F9 /* LightsViewController.xib */ = {isa = PBXFileReference; lastKnownFileType = file.xib; path = LightsViewController.xib; sourceTree = "<group>"; };
		4CA1D9921FC30AFC0079B677 /* Light.swift */ = {isa = PBXFileReference; lastKnownFileType = sourcecode.swift; path = Light.swift; sourceTree = "<group>"; };
		4CA1D9A21FC345780079B677 /* LightsTableViewCell.swift */ = {isa = PBXFileReference; lastKnownFileType = sourcecode.swift; path = LightsTableViewCell.swift; sourceTree = "<group>"; };
		4CA1D9A31FC345780079B677 /* LightsTableViewCell.xib */ = {isa = PBXFileReference; lastKnownFileType = file.xib; path = LightsTableViewCell.xib; sourceTree = "<group>"; };
		7FAD0177A4467825E574D775 /* Pods_LightControl.framework */ = {isa = PBXFileReference; explicitFileType = wrapper.framework; includeInIndex = 0; path = Pods_LightControl.framework; sourceTree = BUILT_PRODUCTS_DIR; };
		8A559A6D609222238DCB2AFF /* Pods-LightControl.release.xcconfig */ = {isa = PBXFileReference; includeInIndex = 1; lastKnownFileType = text.xcconfig; name = "Pods-LightControl.release.xcconfig"; path = "Pods/Target Support Files/Pods-LightControl/Pods-LightControl.release.xcconfig"; sourceTree = "<group>"; };
		BFCE65391FD89C8B00F0EF5A /* light_off.png */ = {isa = PBXFileReference; lastKnownFileType = image.png; name = light_off.png; path = LightControl/light_off.png; sourceTree = SOURCE_ROOT; };
		BFCE653B1FD89C9900F0EF5A /* light_on.png */ = {isa = PBXFileReference; lastKnownFileType = image.png; path = light_on.png; sourceTree = "<group>"; };
		BFCE653D1FD89F7500F0EF5A /* GoogleService-Info.plist */ = {isa = PBXFileReference; fileEncoding = 4; lastKnownFileType = text.plist.xml; name = "GoogleService-Info.plist"; path = "LightControl/GoogleService-Info.plist"; sourceTree = "<group>"; };
/* End PBXFileReference section */

/* Begin PBXFrameworksBuildPhase section */
		4C36A1EE1FC2D2EE0071B7C9 /* Frameworks */ = {
			isa = PBXFrameworksBuildPhase;
			buildActionMask = 2147483647;
			files = (
				F78988139028F9B9015851EE /* Pods_LightControl.framework in Frameworks */,
			);
			runOnlyForDeploymentPostprocessing = 0;
		};
/* End PBXFrameworksBuildPhase section */

/* Begin PBXGroup section */
		41828D42B332D0CA4A02244F /* Pods */ = {
			isa = PBXGroup;
			children = (
				17134B6F1CBF5587AD74B789 /* Pods-LightControl.debug.xcconfig */,
				8A559A6D609222238DCB2AFF /* Pods-LightControl.release.xcconfig */,
			);
			name = Pods;
			sourceTree = "<group>";
		};
		4C36A1E81FC2D2EE0071B7C9 = {
			isa = PBXGroup;
			children = (
				BFCE653D1FD89F7500F0EF5A /* GoogleService-Info.plist */,
				4C36A1F31FC2D2EE0071B7C9 /* LightControl */,
				4C36A1F21FC2D2EE0071B7C9 /* Products */,
				41828D42B332D0CA4A02244F /* Pods */,
				97BCEE12B50248EBBD95256E /* Frameworks */,
			);
			sourceTree = "<group>";
		};
		4C36A1F21FC2D2EE0071B7C9 /* Products */ = {
			isa = PBXGroup;
			children = (
				4C36A1F11FC2D2EE0071B7C9 /* LightControl.app */,
			);
			name = Products;
			sourceTree = "<group>";
		};
		4C36A1F31FC2D2EE0071B7C9 /* LightControl */ = {
			isa = PBXGroup;
			children = (
				BFCE65391FD89C8B00F0EF5A /* light_off.png */,
				BFCE653B1FD89C9900F0EF5A /* light_on.png */,
				4C36A1F41FC2D2EE0071B7C9 /* AppDelegate.swift */,
				4C36A1FB1FC2D2EE0071B7C9 /* Assets.xcassets */,
				4C36A1FD1FC2D2EE0071B7C9 /* LaunchScreen.storyboard */,
				4C36A2001FC2D2EE0071B7C9 /* Info.plist */,
				4C6316B61FC2D51A00C418F9 /* LightsViewController.swift */,
				4C6316B71FC2D51A00C418F9 /* LightsViewController.xib */,
				4CA1D9921FC30AFC0079B677 /* Light.swift */,
				4CA1D9A21FC345780079B677 /* LightsTableViewCell.swift */,
				4CA1D9A31FC345780079B677 /* LightsTableViewCell.xib */,
			);
			path = LightControl;
			sourceTree = "<group>";
		};
		97BCEE12B50248EBBD95256E /* Frameworks */ = {
			isa = PBXGroup;
			children = (
				7FAD0177A4467825E574D775 /* Pods_LightControl.framework */,
			);
			name = Frameworks;
			sourceTree = "<group>";
		};
/* End PBXGroup section */

/* Begin PBXNativeTarget section */
		4C36A1F01FC2D2EE0071B7C9 /* LightControl */ = {
			isa = PBXNativeTarget;
			buildConfigurationList = 4C36A2031FC2D2EE0071B7C9 /* Build configuration list for PBXNativeTarget "LightControl" */;
			buildPhases = (
				2462126AD7736FA75C3A9D33 /* [CP] Check Pods Manifest.lock */,
				4C36A1ED1FC2D2EE0071B7C9 /* Sources */,
				4C36A1EE1FC2D2EE0071B7C9 /* Frameworks */,
				4C36A1EF1FC2D2EE0071B7C9 /* Resources */,
				78613CABAD5C69DB825126DF /* [CP] Embed Pods Frameworks */,
				117A40A01CF58E84CF756E4C /* [CP] Copy Pods Resources */,
			);
			buildRules = (
			);
			dependencies = (
			);
			name = LightControl;
			productName = LightControl;
			productReference = 4C36A1F11FC2D2EE0071B7C9 /* LightControl.app */;
			productType = "com.apple.product-type.application";
		};
/* End PBXNativeTarget section */

/* Begin PBXProject section */
		4C36A1E91FC2D2EE0071B7C9 /* Project object */ = {
			isa = PBXProject;
			attributes = {
				LastSwiftUpdateCheck = 0900;
				LastUpgradeCheck = 0900;
				ORGANIZATIONNAME = "Fodé Guirassy";
				TargetAttributes = {
					4C36A1F01FC2D2EE0071B7C9 = {
						CreatedOnToolsVersion = 9.0;
						LastSwiftMigration = 0910;
						ProvisioningStyle = Automatic;
					};
				};
			};
			buildConfigurationList = 4C36A1EC1FC2D2EE0071B7C9 /* Build configuration list for PBXProject "LightControl" */;
			compatibilityVersion = "Xcode 8.0";
			developmentRegion = en;
			hasScannedForEncodings = 0;
			knownRegions = (
				en,
				Base,
			);
			mainGroup = 4C36A1E81FC2D2EE0071B7C9;
			productRefGroup = 4C36A1F21FC2D2EE0071B7C9 /* Products */;
			projectDirPath = "";
			projectRoot = "";
			targets = (
				4C36A1F01FC2D2EE0071B7C9 /* LightControl */,
			);
		};
/* End PBXProject section */

/* Begin PBXResourcesBuildPhase section */
		4C36A1EF1FC2D2EE0071B7C9 /* Resources */ = {
			isa = PBXResourcesBuildPhase;
			buildActionMask = 2147483647;
			files = (
				4C6316B91FC2D51A00C418F9 /* LightsViewController.xib in Resources */,
				4C36A1FF1FC2D2EE0071B7C9 /* LaunchScreen.storyboard in Resources */,
				BFCE653A1FD89C8C00F0EF5A /* light_off.png in Resources */,
				4CA1D9A51FC345780079B677 /* LightsTableViewCell.xib in Resources */,
				4C36A1FC1FC2D2EE0071B7C9 /* Assets.xcassets in Resources */,
				BFCE653C1FD89C9900F0EF5A /* light_on.png in Resources */,
				BFCE653E1FD89F7600F0EF5A /* GoogleService-Info.plist in Resources */,
			);
			runOnlyForDeploymentPostprocessing = 0;
		};
/* End PBXResourcesBuildPhase section */

/* Begin PBXShellScriptBuildPhase section */
		117A40A01CF58E84CF756E4C /* [CP] Copy Pods Resources */ = {
			isa = PBXShellScriptBuildPhase;
			buildActionMask = 2147483647;
			files = (
			);
			inputPaths = (
			);
			name = "[CP] Copy Pods Resources";
			outputPaths = (
			);
			runOnlyForDeploymentPostprocessing = 0;
			shellPath = /bin/sh;
			shellScript = "\"${SRCROOT}/Pods/Target Support Files/Pods-LightControl/Pods-LightControl-resources.sh\"\n";
			showEnvVarsInLog = 0;
		};
		2462126AD7736FA75C3A9D33 /* [CP] Check Pods Manifest.lock */ = {
			isa = PBXShellScriptBuildPhase;
			buildActionMask = 2147483647;
			files = (
			);
			inputPaths = (
				"${PODS_PODFILE_DIR_PATH}/Podfile.lock",
				"${PODS_ROOT}/Manifest.lock",
			);
			name = "[CP] Check Pods Manifest.lock";
			outputPaths = (
				"$(DERIVED_FILE_DIR)/Pods-LightControl-checkManifestLockResult.txt",
			);
			runOnlyForDeploymentPostprocessing = 0;
			shellPath = /bin/sh;
			shellScript = "diff \"${PODS_PODFILE_DIR_PATH}/Podfile.lock\" \"${PODS_ROOT}/Manifest.lock\" > /dev/null\nif [ $? != 0 ] ; then\n    # print error to STDERR\n    echo \"error: The sandbox is not in sync with the Podfile.lock. Run 'pod install' or update your CocoaPods installation.\" >&2\n    exit 1\nfi\n# This output is used by Xcode 'outputs' to avoid re-running this script phase.\necho \"SUCCESS\" > \"${SCRIPT_OUTPUT_FILE_0}\"\n";
			showEnvVarsInLog = 0;
		};
		78613CABAD5C69DB825126DF /* [CP] Embed Pods Frameworks */ = {
			isa = PBXShellScriptBuildPhase;
			buildActionMask = 2147483647;
			files = (
			);
			inputPaths = (
				"${SRCROOT}/Pods/Target Support Files/Pods-LightControl/Pods-LightControl-frameworks.sh",
				"${BUILT_PRODUCTS_DIR}/GoogleToolboxForMac/GoogleToolboxForMac.framework",
				"${BUILT_PRODUCTS_DIR}/leveldb-library/leveldb.framework",
				"${BUILT_PRODUCTS_DIR}/nanopb/nanopb.framework",
			);
			name = "[CP] Embed Pods Frameworks";
			outputPaths = (
				"${TARGET_BUILD_DIR}/${FRAMEWORKS_FOLDER_PATH}/GoogleToolboxForMac.framework",
				"${TARGET_BUILD_DIR}/${FRAMEWORKS_FOLDER_PATH}/leveldb.framework",
				"${TARGET_BUILD_DIR}/${FRAMEWORKS_FOLDER_PATH}/nanopb.framework",
			);
			runOnlyForDeploymentPostprocessing = 0;
			shellPath = /bin/sh;
			shellScript = "\"${SRCROOT}/Pods/Target Support Files/Pods-LightControl/Pods-LightControl-frameworks.sh\"\n";
			showEnvVarsInLog = 0;
		};
/* End PBXShellScriptBuildPhase section */

/* Begin PBXSourcesBuildPhase section */
		4C36A1ED1FC2D2EE0071B7C9 /* Sources */ = {
			isa = PBXSourcesBuildPhase;
			buildActionMask = 2147483647;
			files = (
				4C36A1F51FC2D2EE0071B7C9 /* AppDelegate.swift in Sources */,
				4CA1D9931FC30AFC0079B677 /* Light.swift in Sources */,
				4CA1D9A41FC345780079B677 /* LightsTableViewCell.swift in Sources */,
				4C6316B81FC2D51A00C418F9 /* LightsViewController.swift in Sources */,
			);
			runOnlyForDeploymentPostprocessing = 0;
		};
/* End PBXSourcesBuildPhase section */

/* Begin PBXVariantGroup section */
		4C36A1FD1FC2D2EE0071B7C9 /* LaunchScreen.storyboard */ = {
			isa = PBXVariantGroup;
			children = (
				4C36A1FE1FC2D2EE0071B7C9 /* Base */,
			);
			name = LaunchScreen.storyboard;
			sourceTree = "<group>";
		};
/* End PBXVariantGroup section */

/* Begin XCBuildConfiguration section */
		4C36A2011FC2D2EE0071B7C9 /* Debug */ = {
			isa = XCBuildConfiguration;
			buildSettings = {
				ALWAYS_SEARCH_USER_PATHS = NO;
				CLANG_ANALYZER_NONNULL = YES;
				CLANG_ANALYZER_NUMBER_OBJECT_CONVERSION = YES_AGGRESSIVE;
				CLANG_CXX_LANGUAGE_STANDARD = "gnu++14";
				CLANG_CXX_LIBRARY = "libc++";
				CLANG_ENABLE_MODULES = YES;
				CLANG_ENABLE_OBJC_ARC = YES;
				CLANG_WARN_BLOCK_CAPTURE_AUTORELEASING = YES;
				CLANG_WARN_BOOL_CONVERSION = YES;
				CLANG_WARN_COMMA = YES;
				CLANG_WARN_CONSTANT_CONVERSION = YES;
				CLANG_WARN_DIRECT_OBJC_ISA_USAGE = YES_ERROR;
				CLANG_WARN_DOCUMENTATION_COMMENTS = YES;
				CLANG_WARN_EMPTY_BODY = YES;
				CLANG_WARN_ENUM_CONVERSION = YES;
				CLANG_WARN_INFINITE_RECURSION = YES;
				CLANG_WARN_INT_CONVERSION = YES;
				CLANG_WARN_NON_LITERAL_NULL_CONVERSION = YES;
				CLANG_WARN_OBJC_LITERAL_CONVERSION = YES;
				CLANG_WARN_OBJC_ROOT_CLASS = YES_ERROR;
				CLANG_WARN_RANGE_LOOP_ANALYSIS = YES;
				CLANG_WARN_STRICT_PROTOTYPES = YES;
				CLANG_WARN_SUSPICIOUS_MOVE = YES;
				CLANG_WARN_UNGUARDED_AVAILABILITY = YES_AGGRESSIVE;
				CLANG_WARN_UNREACHABLE_CODE = YES;
				CLANG_WARN__DUPLICATE_METHOD_MATCH = YES;
				CODE_SIGN_IDENTITY = "iPhone Developer";
				COPY_PHASE_STRIP = NO;
				DEBUG_INFORMATION_FORMAT = dwarf;
				ENABLE_STRICT_OBJC_MSGSEND = YES;
				ENABLE_TESTABILITY = YES;
				GCC_C_LANGUAGE_STANDARD = gnu11;
				GCC_DYNAMIC_NO_PIC = NO;
				GCC_NO_COMMON_BLOCKS = YES;
				GCC_OPTIMIZATION_LEVEL = 0;
				GCC_PREPROCESSOR_DEFINITIONS = (
					"DEBUG=1",
					"$(inherited)",
				);
				GCC_WARN_64_TO_32_BIT_CONVERSION = YES;
				GCC_WARN_ABOUT_RETURN_TYPE = YES_ERROR;
				GCC_WARN_UNDECLARED_SELECTOR = YES;
				GCC_WARN_UNINITIALIZED_AUTOS = YES_AGGRESSIVE;
				GCC_WARN_UNUSED_FUNCTION = YES;
				GCC_WARN_UNUSED_VARIABLE = YES;
				IPHONEOS_DEPLOYMENT_TARGET = 11.0;
				MTL_ENABLE_DEBUG_INFO = YES;
				ONLY_ACTIVE_ARCH = YES;
				SDKROOT = iphoneos;
				SWIFT_ACTIVE_COMPILATION_CONDITIONS = DEBUG;
				SWIFT_OPTIMIZATION_LEVEL = "-Onone";
			};
			name = Debug;
		};
		4C36A2021FC2D2EE0071B7C9 /* Release */ = {
			isa = XCBuildConfiguration;
			buildSettings = {
				ALWAYS_SEARCH_USER_PATHS = NO;
				CLANG_ANALYZER_NONNULL = YES;
				CLANG_ANALYZER_NUMBER_OBJECT_CONVERSION = YES_AGGRESSIVE;
				CLANG_CXX_LANGUAGE_STANDARD = "gnu++14";
				CLANG_CXX_LIBRARY = "libc++";
				CLANG_ENABLE_MODULES = YES;
				CLANG_ENABLE_OBJC_ARC = YES;
				CLANG_WARN_BLOCK_CAPTURE_AUTORELEASING = YES;
				CLANG_WARN_BOOL_CONVERSION = YES;
				CLANG_WARN_COMMA = YES;
				CLANG_WARN_CONSTANT_CONVERSION = YES;
				CLANG_WARN_DIRECT_OBJC_ISA_USAGE = YES_ERROR;
				CLANG_WARN_DOCUMENTATION_COMMENTS = YES;
				CLANG_WARN_EMPTY_BODY = YES;
				CLANG_WARN_ENUM_CONVERSION = YES;
				CLANG_WARN_INFINITE_RECURSION = YES;
				CLANG_WARN_INT_CONVERSION = YES;
				CLANG_WARN_NON_LITERAL_NULL_CONVERSION = YES;
				CLANG_WARN_OBJC_LITERAL_CONVERSION = YES;
				CLANG_WARN_OBJC_ROOT_CLASS = YES_ERROR;
				CLANG_WARN_RANGE_LOOP_ANALYSIS = YES;
				CLANG_WARN_STRICT_PROTOTYPES = YES;
				CLANG_WARN_SUSPICIOUS_MOVE = YES;
				CLANG_WARN_UNGUARDED_AVAILABILITY = YES_AGGRESSIVE;
				CLANG_WARN_UNREACHABLE_CODE = YES;
				CLANG_WARN__DUPLICATE_METHOD_MATCH = YES;
				CODE_SIGN_IDENTITY = "iPhone Developer";
				COPY_PHASE_STRIP = NO;
				DEBUG_INFORMATION_FORMAT = "dwarf-with-dsym";
				ENABLE_NS_ASSERTIONS = NO;
				ENABLE_STRICT_OBJC_MSGSEND = YES;
				GCC_C_LANGUAGE_STANDARD = gnu11;
				GCC_NO_COMMON_BLOCKS = YES;
				GCC_WARN_64_TO_32_BIT_CONVERSION = YES;
				GCC_WARN_ABOUT_RETURN_TYPE = YES_ERROR;
				GCC_WARN_UNDECLARED_SELECTOR = YES;
				GCC_WARN_UNINITIALIZED_AUTOS = YES_AGGRESSIVE;
				GCC_WARN_UNUSED_FUNCTION = YES;
				GCC_WARN_UNUSED_VARIABLE = YES;
				IPHONEOS_DEPLOYMENT_TARGET = 11.0;
				MTL_ENABLE_DEBUG_INFO = NO;
				SDKROOT = iphoneos;
				SWIFT_OPTIMIZATION_LEVEL = "-Owholemodule";
				VALIDATE_PRODUCT = YES;
			};
			name = Release;
		};
		4C36A2041FC2D2EE0071B7C9 /* Debug */ = {
			isa = XCBuildConfiguration;
			baseConfigurationReference = 17134B6F1CBF5587AD74B789 /* Pods-LightControl.debug.xcconfig */;
			buildSettings = {
				ASSETCATALOG_COMPILER_APPICON_NAME = AppIcon;
				CLANG_ENABLE_MODULES = YES;
				CODE_SIGN_STYLE = Automatic;
				DEVELOPMENT_TEAM = TGGMM548B8;
				INFOPLIST_FILE = LightControl/Info.plist;
				LD_RUNPATH_SEARCH_PATHS = "$(inherited) @executable_path/Frameworks";
				PRODUCT_BUNDLE_IDENTIFIER = com.fodeguirassy.LightControl.LightControl;
				PRODUCT_NAME = "$(TARGET_NAME)";
				SWIFT_OPTIMIZATION_LEVEL = "-Onone";
				SWIFT_VERSION = 4.0;
				TARGETED_DEVICE_FAMILY = "1,2";
			};
			name = Debug;
		};
		4C36A2051FC2D2EE0071B7C9 /* Release */ = {
			isa = XCBuildConfiguration;
			baseConfigurationReference = 8A559A6D609222238DCB2AFF /* Pods-LightControl.release.xcconfig */;
			buildSettings = {
				ASSETCATALOG_COMPILER_APPICON_NAME = AppIcon;
				CLANG_ENABLE_MODULES = YES;
				CODE_SIGN_STYLE = Automatic;
				DEVELOPMENT_TEAM = TGGMM548B8;
				INFOPLIST_FILE = LightControl/Info.plist;
				LD_RUNPATH_SEARCH_PATHS = "$(inherited) @executable_path/Frameworks";
				PRODUCT_BUNDLE_IDENTIFIER = com.fodeguirassy.LightControl.LightControl;
				PRODUCT_NAME = "$(TARGET_NAME)";
				SWIFT_VERSION = 4.0;
				TARGETED_DEVICE_FAMILY = "1,2";
			};
			name = Release;
		};
/* End XCBuildConfiguration section */

/* Begin XCConfigurationList section */
		4C36A1EC1FC2D2EE0071B7C9 /* Build configuration list for PBXProject "LightControl" */ = {
			isa = XCConfigurationList;
			buildConfigurations = (
				4C36A2011FC2D2EE0071B7C9 /* Debug */,
				4C36A2021FC2D2EE0071B7C9 /* Release */,
			);
			defaultConfigurationIsVisible = 0;
			defaultConfigurationName = Release;
		};
		4C36A2031FC2D2EE0071B7C9 /* Build configuration list for PBXNativeTarget "LightControl" */ = {
			isa = XCConfigurationList;
			buildConfigurations = (
				4C36A2041FC2D2EE0071B7C9 /* Debug */,
				4C36A2051FC2D2EE0071B7C9 /* Release */,
			);
			defaultConfigurationIsVisible = 0;
			defaultConfigurationName = Release;
		};
/* End XCConfigurationList section */
	};
	rootObject = 4C36A1E91FC2D2EE0071B7C9 /* Project object */;
}
